// !$*UTF8*$!
{
	archiveVersion = 1;
	classes = {
	};
	objectVersion = 55;
	objects = {

/* Begin PBXBuildFile section */
		3877F37D8BD904B700A0B5BD /* Pods_CoutnDownTimerWithPod.framework in Frameworks */ = {isa = PBXBuildFile; fileRef = 961D4390A5967866A59CCD2B /* Pods_CoutnDownTimerWithPod.framework */; };
		41847D2F0003C2B16457F085 /* Pods_CoutnDownTimerWithPod_CoutnDownTimerWithPodUITests.framework in Frameworks */ = {isa = PBXBuildFile; fileRef = 2BA349FC7A113B9190354B04 /* Pods_CoutnDownTimerWithPod_CoutnDownTimerWithPodUITests.framework */; };
		8F4AC07828A219D0000D3659 /* AppDelegate.swift in Sources */ = {isa = PBXBuildFile; fileRef = 8F4AC07728A219D0000D3659 /* AppDelegate.swift */; };
		8F4AC07A28A219D0000D3659 /* SceneDelegate.swift in Sources */ = {isa = PBXBuildFile; fileRef = 8F4AC07928A219D0000D3659 /* SceneDelegate.swift */; };
		8F4AC07C28A219D0000D3659 /* ViewController.swift in Sources */ = {isa = PBXBuildFile; fileRef = 8F4AC07B28A219D0000D3659 /* ViewController.swift */; };
		8F4AC07F28A219D0000D3659 /* Main.storyboard in Resources */ = {isa = PBXBuildFile; fileRef = 8F4AC07D28A219D0000D3659 /* Main.storyboard */; };
		8F4AC08128A219D2000D3659 /* Assets.xcassets in Resources */ = {isa = PBXBuildFile; fileRef = 8F4AC08028A219D2000D3659 /* Assets.xcassets */; };
		8F4AC08428A219D2000D3659 /* LaunchScreen.storyboard in Resources */ = {isa = PBXBuildFile; fileRef = 8F4AC08228A219D2000D3659 /* LaunchScreen.storyboard */; };
		8F4AC08F28A219D3000D3659 /* CoutnDownTimerWithPodTests.swift in Sources */ = {isa = PBXBuildFile; fileRef = 8F4AC08E28A219D3000D3659 /* CoutnDownTimerWithPodTests.swift */; };
		8F4AC09928A219D3000D3659 /* CoutnDownTimerWithPodUITests.swift in Sources */ = {isa = PBXBuildFile; fileRef = 8F4AC09828A219D3000D3659 /* CoutnDownTimerWithPodUITests.swift */; };
		8F4AC09B28A219D3000D3659 /* CoutnDownTimerWithPodUITestsLaunchTests.swift in Sources */ = {isa = PBXBuildFile; fileRef = 8F4AC09A28A219D3000D3659 /* CoutnDownTimerWithPodUITestsLaunchTests.swift */; };
		8F4AC0AC28A24087000D3659 /* imageExtension.swift in Sources */ = {isa = PBXBuildFile; fileRef = 8F4AC0A828A24087000D3659 /* imageExtension.swift */; };
		8F4AC0AD28A24087000D3659 /* buttonExtension.swift in Sources */ = {isa = PBXBuildFile; fileRef = 8F4AC0A928A24087000D3659 /* buttonExtension.swift */; };
		8F4AC0AE28A24087000D3659 /* textFieldExtension.swift in Sources */ = {isa = PBXBuildFile; fileRef = 8F4AC0AA28A24087000D3659 /* textFieldExtension.swift */; };
		8F4AC0AF28A24087000D3659 /* labelExtension.swift in Sources */ = {isa = PBXBuildFile; fileRef = 8F4AC0AB28A24087000D3659 /* labelExtension.swift */; };
		E822199DE44496A3A426C5B5 /* Pods_CoutnDownTimerWithPodTests.framework in Frameworks */ = {isa = PBXBuildFile; fileRef = E97A9921556CC43A4082287C /* Pods_CoutnDownTimerWithPodTests.framework */; };
/* End PBXBuildFile section */

/* Begin PBXContainerItemProxy section */
		8F4AC08B28A219D2000D3659 /* PBXContainerItemProxy */ = {
			isa = PBXContainerItemProxy;
			containerPortal = 8F4AC06C28A219D0000D3659 /* Project object */;
			proxyType = 1;
			remoteGlobalIDString = 8F4AC07328A219D0000D3659;
			remoteInfo = CoutnDownTimerWithPod;
		};
		8F4AC09528A219D3000D3659 /* PBXContainerItemProxy */ = {
			isa = PBXContainerItemProxy;
			containerPortal = 8F4AC06C28A219D0000D3659 /* Project object */;
			proxyType = 1;
			remoteGlobalIDString = 8F4AC07328A219D0000D3659;
			remoteInfo = CoutnDownTimerWithPod;
		};
/* End PBXContainerItemProxy section */

/* Begin PBXFileReference section */
		16F040AE3490873F9132CF92 /* Pods-CoutnDownTimerWithPod.debug.xcconfig */ = {isa = PBXFileReference; includeInIndex = 1; lastKnownFileType = text.xcconfig; name = "Pods-CoutnDownTimerWithPod.debug.xcconfig"; path = "Target Support Files/Pods-CoutnDownTimerWithPod/Pods-CoutnDownTimerWithPod.debug.xcconfig"; sourceTree = "<group>"; };
		2BA349FC7A113B9190354B04 /* Pods_CoutnDownTimerWithPod_CoutnDownTimerWithPodUITests.framework */ = {isa = PBXFileReference; explicitFileType = wrapper.framework; includeInIndex = 0; path = Pods_CoutnDownTimerWithPod_CoutnDownTimerWithPodUITests.framework; sourceTree = BUILT_PRODUCTS_DIR; };
		3FEB26265EF1C9A3A20CD10F /* Pods-CoutnDownTimerWithPod.release.xcconfig */ = {isa = PBXFileReference; includeInIndex = 1; lastKnownFileType = text.xcconfig; name = "Pods-CoutnDownTimerWithPod.release.xcconfig"; path = "Target Support Files/Pods-CoutnDownTimerWithPod/Pods-CoutnDownTimerWithPod.release.xcconfig"; sourceTree = "<group>"; };
		7788C93CBE848236FB26E5EB /* Pods-CoutnDownTimerWithPod-CoutnDownTimerWithPodUITests.debug.xcconfig */ = {isa = PBXFileReference; includeInIndex = 1; lastKnownFileType = text.xcconfig; name = "Pods-CoutnDownTimerWithPod-CoutnDownTimerWithPodUITests.debug.xcconfig"; path = "Target Support Files/Pods-CoutnDownTimerWithPod-CoutnDownTimerWithPodUITests/Pods-CoutnDownTimerWithPod-CoutnDownTimerWithPodUITests.debug.xcconfig"; sourceTree = "<group>"; };
		8F4AC07428A219D0000D3659 /* CoutnDownTimerWithPod.app */ = {isa = PBXFileReference; explicitFileType = wrapper.application; includeInIndex = 0; path = CoutnDownTimerWithPod.app; sourceTree = BUILT_PRODUCTS_DIR; };
		8F4AC07728A219D0000D3659 /* AppDelegate.swift */ = {isa = PBXFileReference; lastKnownFileType = sourcecode.swift; path = AppDelegate.swift; sourceTree = "<group>"; };
		8F4AC07928A219D0000D3659 /* SceneDelegate.swift */ = {isa = PBXFileReference; lastKnownFileType = sourcecode.swift; path = SceneDelegate.swift; sourceTree = "<group>"; };
		8F4AC07B28A219D0000D3659 /* ViewController.swift */ = {isa = PBXFileReference; lastKnownFileType = sourcecode.swift; path = ViewController.swift; sourceTree = "<group>"; };
		8F4AC07E28A219D0000D3659 /* Base */ = {isa = PBXFileReference; lastKnownFileType = file.storyboard; name = Base; path = Base.lproj/Main.storyboard; sourceTree = "<group>"; };
		8F4AC08028A219D2000D3659 /* Assets.xcassets */ = {isa = PBXFileReference; lastKnownFileType = folder.assetcatalog; path = Assets.xcassets; sourceTree = "<group>"; };
		8F4AC08328A219D2000D3659 /* Base */ = {isa = PBXFileReference; lastKnownFileType = file.storyboard; name = Base; path = Base.lproj/LaunchScreen.storyboard; sourceTree = "<group>"; };
		8F4AC08528A219D2000D3659 /* Info.plist */ = {isa = PBXFileReference; lastKnownFileType = text.plist.xml; path = Info.plist; sourceTree = "<group>"; };
		8F4AC08A28A219D2000D3659 /* CoutnDownTimerWithPodTests.xctest */ = {isa = PBXFileReference; explicitFileType = wrapper.cfbundle; includeInIndex = 0; path = CoutnDownTimerWithPodTests.xctest; sourceTree = BUILT_PRODUCTS_DIR; };
		8F4AC08E28A219D3000D3659 /* CoutnDownTimerWithPodTests.swift */ = {isa = PBXFileReference; lastKnownFileType = sourcecode.swift; path = CoutnDownTimerWithPodTests.swift; sourceTree = "<group>"; };
		8F4AC09428A219D3000D3659 /* CoutnDownTimerWithPodUITests.xctest */ = {isa = PBXFileReference; explicitFileType = wrapper.cfbundle; includeInIndex = 0; path = CoutnDownTimerWithPodUITests.xctest; sourceTree = BUILT_PRODUCTS_DIR; };
		8F4AC09828A219D3000D3659 /* CoutnDownTimerWithPodUITests.swift */ = {isa = PBXFileReference; lastKnownFileType = sourcecode.swift; path = CoutnDownTimerWithPodUITests.swift; sourceTree = "<group>"; };
		8F4AC09A28A219D3000D3659 /* CoutnDownTimerWithPodUITestsLaunchTests.swift */ = {isa = PBXFileReference; lastKnownFileType = sourcecode.swift; path = CoutnDownTimerWithPodUITestsLaunchTests.swift; sourceTree = "<group>"; };
		8F4AC0A828A24087000D3659 /* imageExtension.swift */ = {isa = PBXFileReference; fileEncoding = 4; lastKnownFileType = sourcecode.swift; path = imageExtension.swift; sourceTree = "<group>"; };
		8F4AC0A928A24087000D3659 /* buttonExtension.swift */ = {isa = PBXFileReference; fileEncoding = 4; lastKnownFileType = sourcecode.swift; path = buttonExtension.swift; sourceTree = "<group>"; };
		8F4AC0AA28A24087000D3659 /* textFieldExtension.swift */ = {isa = PBXFileReference; fileEncoding = 4; lastKnownFileType = sourcecode.swift; path = textFieldExtension.swift; sourceTree = "<group>"; };
		8F4AC0AB28A24087000D3659 /* labelExtension.swift */ = {isa = PBXFileReference; fileEncoding = 4; lastKnownFileType = sourcecode.swift; path = labelExtension.swift; sourceTree = "<group>"; };
		961D4390A5967866A59CCD2B /* Pods_CoutnDownTimerWithPod.framework */ = {isa = PBXFileReference; explicitFileType = wrapper.framework; includeInIndex = 0; path = Pods_CoutnDownTimerWithPod.framework; sourceTree = BUILT_PRODUCTS_DIR; };
		999BD5D55B2DD6A63B74CF65 /* Pods-CoutnDownTimerWithPodTests.release.xcconfig */ = {isa = PBXFileReference; includeInIndex = 1; lastKnownFileType = text.xcconfig; name = "Pods-CoutnDownTimerWithPodTests.release.xcconfig"; path = "Target Support Files/Pods-CoutnDownTimerWithPodTests/Pods-CoutnDownTimerWithPodTests.release.xcconfig"; sourceTree = "<group>"; };
		9F127E5670C9DC2FADE800CE /* Pods-CoutnDownTimerWithPodTests.debug.xcconfig */ = {isa = PBXFileReference; includeInIndex = 1; lastKnownFileType = text.xcconfig; name = "Pods-CoutnDownTimerWithPodTests.debug.xcconfig"; path = "Target Support Files/Pods-CoutnDownTimerWithPodTests/Pods-CoutnDownTimerWithPodTests.debug.xcconfig"; sourceTree = "<group>"; };
		D017C2A0C0CA94E8136D2A00 /* Pods-CoutnDownTimerWithPod-CoutnDownTimerWithPodUITests.release.xcconfig */ = {isa = PBXFileReference; includeInIndex = 1; lastKnownFileType = text.xcconfig; name = "Pods-CoutnDownTimerWithPod-CoutnDownTimerWithPodUITests.release.xcconfig"; path = "Target Support Files/Pods-CoutnDownTimerWithPod-CoutnDownTimerWithPodUITests/Pods-CoutnDownTimerWithPod-CoutnDownTimerWithPodUITests.release.xcconfig"; sourceTree = "<group>"; };
		E97A9921556CC43A4082287C /* Pods_CoutnDownTimerWithPodTests.framework */ = {isa = PBXFileReference; explicitFileType = wrapper.framework; includeInIndex = 0; path = Pods_CoutnDownTimerWithPodTests.framework; sourceTree = BUILT_PRODUCTS_DIR; };
/* End PBXFileReference section */

/* Begin PBXFrameworksBuildPhase section */
		8F4AC07128A219D0000D3659 /* Frameworks */ = {
			isa = PBXFrameworksBuildPhase;
			buildActionMask = 2147483647;
			files = (
				3877F37D8BD904B700A0B5BD /* Pods_CoutnDownTimerWithPod.framework in Frameworks */,
			);
			runOnlyForDeploymentPostprocessing = 0;
		};
		8F4AC08728A219D2000D3659 /* Frameworks */ = {
			isa = PBXFrameworksBuildPhase;
			buildActionMask = 2147483647;
			files = (
				E822199DE44496A3A426C5B5 /* Pods_CoutnDownTimerWithPodTests.framework in Frameworks */,
			);
			runOnlyForDeploymentPostprocessing = 0;
		};
		8F4AC09128A219D3000D3659 /* Frameworks */ = {
			isa = PBXFrameworksBuildPhase;
			buildActionMask = 2147483647;
			files = (
				41847D2F0003C2B16457F085 /* Pods_CoutnDownTimerWithPod_CoutnDownTimerWithPodUITests.framework in Frameworks */,
			);
			runOnlyForDeploymentPostprocessing = 0;
		};
/* End PBXFrameworksBuildPhase section */

/* Begin PBXGroup section */
		86BEFE6544C0D0DBCD067212 /* Pods */ = {
			isa = PBXGroup;
			children = (
				16F040AE3490873F9132CF92 /* Pods-CoutnDownTimerWithPod.debug.xcconfig */,
				3FEB26265EF1C9A3A20CD10F /* Pods-CoutnDownTimerWithPod.release.xcconfig */,
				7788C93CBE848236FB26E5EB /* Pods-CoutnDownTimerWithPod-CoutnDownTimerWithPodUITests.debug.xcconfig */,
				D017C2A0C0CA94E8136D2A00 /* Pods-CoutnDownTimerWithPod-CoutnDownTimerWithPodUITests.release.xcconfig */,
				9F127E5670C9DC2FADE800CE /* Pods-CoutnDownTimerWithPodTests.debug.xcconfig */,
				999BD5D55B2DD6A63B74CF65 /* Pods-CoutnDownTimerWithPodTests.release.xcconfig */,
			);
			path = Pods;
			sourceTree = "<group>";
		};
		8F4AC06B28A219D0000D3659 = {
			isa = PBXGroup;
			children = (
				8F4AC0A728A24087000D3659 /* Extension */,
				8F4AC07628A219D0000D3659 /* CoutnDownTimerWithPod */,
				8F4AC08D28A219D2000D3659 /* CoutnDownTimerWithPodTests */,
				8F4AC09728A219D3000D3659 /* CoutnDownTimerWithPodUITests */,
				8F4AC07528A219D0000D3659 /* Products */,
				86BEFE6544C0D0DBCD067212 /* Pods */,
				D2CF773F49DEF9CB9E057210 /* Frameworks */,
			);
			sourceTree = "<group>";
		};
		8F4AC07528A219D0000D3659 /* Products */ = {
			isa = PBXGroup;
			children = (
				8F4AC07428A219D0000D3659 /* CoutnDownTimerWithPod.app */,
				8F4AC08A28A219D2000D3659 /* CoutnDownTimerWithPodTests.xctest */,
				8F4AC09428A219D3000D3659 /* CoutnDownTimerWithPodUITests.xctest */,
			);
			name = Products;
			sourceTree = "<group>";
		};
		8F4AC07628A219D0000D3659 /* CoutnDownTimerWithPod */ = {
			isa = PBXGroup;
			children = (
				8F4AC07728A219D0000D3659 /* AppDelegate.swift */,
				8F4AC07928A219D0000D3659 /* SceneDelegate.swift */,
				8F4AC07B28A219D0000D3659 /* ViewController.swift */,
				8F4AC07D28A219D0000D3659 /* Main.storyboard */,
				8F4AC08028A219D2000D3659 /* Assets.xcassets */,
				8F4AC08228A219D2000D3659 /* LaunchScreen.storyboard */,
				8F4AC08528A219D2000D3659 /* Info.plist */,
			);
			path = CoutnDownTimerWithPod;
			sourceTree = "<group>";
		};
		8F4AC08D28A219D2000D3659 /* CoutnDownTimerWithPodTests */ = {
			isa = PBXGroup;
			children = (
				8F4AC08E28A219D3000D3659 /* CoutnDownTimerWithPodTests.swift */,
			);
			path = CoutnDownTimerWithPodTests;
			sourceTree = "<group>";
		};
		8F4AC09728A219D3000D3659 /* CoutnDownTimerWithPodUITests */ = {
			isa = PBXGroup;
			children = (
				8F4AC09828A219D3000D3659 /* CoutnDownTimerWithPodUITests.swift */,
				8F4AC09A28A219D3000D3659 /* CoutnDownTimerWithPodUITestsLaunchTests.swift */,
			);
			path = CoutnDownTimerWithPodUITests;
			sourceTree = "<group>";
		};
		8F4AC0A728A24087000D3659 /* Extension */ = {
			isa = PBXGroup;
			children = (
				8F4AC0A828A24087000D3659 /* imageExtension.swift */,
				8F4AC0A928A24087000D3659 /* buttonExtension.swift */,
				8F4AC0AA28A24087000D3659 /* textFieldExtension.swift */,
				8F4AC0AB28A24087000D3659 /* labelExtension.swift */,
			);
			path = Extension;
			sourceTree = "<group>";
		};
		D2CF773F49DEF9CB9E057210 /* Frameworks */ = {
			isa = PBXGroup;
			children = (
				961D4390A5967866A59CCD2B /* Pods_CoutnDownTimerWithPod.framework */,
				2BA349FC7A113B9190354B04 /* Pods_CoutnDownTimerWithPod_CoutnDownTimerWithPodUITests.framework */,
				E97A9921556CC43A4082287C /* Pods_CoutnDownTimerWithPodTests.framework */,
			);
			name = Frameworks;
			sourceTree = "<group>";
		};
/* End PBXGroup section */

/* Begin PBXNativeTarget section */
		8F4AC07328A219D0000D3659 /* CoutnDownTimerWithPod */ = {
			isa = PBXNativeTarget;
			buildConfigurationList = 8F4AC09E28A219D3000D3659 /* Build configuration list for PBXNativeTarget "CoutnDownTimerWithPod" */;
			buildPhases = (
				4213A46649926D53CCB73C67 /* [CP] Check Pods Manifest.lock */,
				8F4AC07028A219D0000D3659 /* Sources */,
				8F4AC07128A219D0000D3659 /* Frameworks */,
				8F4AC07228A219D0000D3659 /* Resources */,
				A0BB2BB754AC53F129111561 /* [CP] Embed Pods Frameworks */,
			);
			buildRules = (
			);
			dependencies = (
			);
			name = CoutnDownTimerWithPod;
			productName = CoutnDownTimerWithPod;
			productReference = 8F4AC07428A219D0000D3659 /* CoutnDownTimerWithPod.app */;
			productType = "com.apple.product-type.application";
		};
		8F4AC08928A219D2000D3659 /* CoutnDownTimerWithPodTests */ = {
			isa = PBXNativeTarget;
			buildConfigurationList = 8F4AC0A128A219D3000D3659 /* Build configuration list for PBXNativeTarget "CoutnDownTimerWithPodTests" */;
			buildPhases = (
				115610C686CDFC9E766462EB /* [CP] Check Pods Manifest.lock */,
				8F4AC08628A219D2000D3659 /* Sources */,
				8F4AC08728A219D2000D3659 /* Frameworks */,
				8F4AC08828A219D2000D3659 /* Resources */,
			);
			buildRules = (
			);
			dependencies = (
				8F4AC08C28A219D2000D3659 /* PBXTargetDependency */,
			);
			name = CoutnDownTimerWithPodTests;
			productName = CoutnDownTimerWithPodTests;
			productReference = 8F4AC08A28A219D2000D3659 /* CoutnDownTimerWithPodTests.xctest */;
			productType = "com.apple.product-type.bundle.unit-test";
		};
		8F4AC09328A219D3000D3659 /* CoutnDownTimerWithPodUITests */ = {
			isa = PBXNativeTarget;
			buildConfigurationList = 8F4AC0A428A219D3000D3659 /* Build configuration list for PBXNativeTarget "CoutnDownTimerWithPodUITests" */;
			buildPhases = (
				D3BD33123E1FE16D15C8C8ED /* [CP] Check Pods Manifest.lock */,
				8F4AC09028A219D3000D3659 /* Sources */,
				8F4AC09128A219D3000D3659 /* Frameworks */,
				8F4AC09228A219D3000D3659 /* Resources */,
				69A4ED5636757D29DD89D60C /* [CP] Embed Pods Frameworks */,
			);
			buildRules = (
			);
			dependencies = (
				8F4AC09628A219D3000D3659 /* PBXTargetDependency */,
			);
			name = CoutnDownTimerWithPodUITests;
			productName = CoutnDownTimerWithPodUITests;
			productReference = 8F4AC09428A219D3000D3659 /* CoutnDownTimerWithPodUITests.xctest */;
			productType = "com.apple.product-type.bundle.ui-testing";
		};
/* End PBXNativeTarget section */

/* Begin PBXProject section */
		8F4AC06C28A219D0000D3659 /* Project object */ = {
			isa = PBXProject;
			attributes = {
				BuildIndependentTargetsInParallel = 1;
				LastSwiftUpdateCheck = 1340;
				LastUpgradeCheck = 1340;
				TargetAttributes = {
					8F4AC07328A219D0000D3659 = {
						CreatedOnToolsVersion = 13.4.1;
					};
					8F4AC08928A219D2000D3659 = {
						CreatedOnToolsVersion = 13.4.1;
						TestTargetID = 8F4AC07328A219D0000D3659;
					};
					8F4AC09328A219D3000D3659 = {
						CreatedOnToolsVersion = 13.4.1;
						TestTargetID = 8F4AC07328A219D0000D3659;
					};
				};
			};
			buildConfigurationList = 8F4AC06F28A219D0000D3659 /* Build configuration list for PBXProject "CoutnDownTimerWithPod" */;
			compatibilityVersion = "Xcode 13.0";
			developmentRegion = en;
			hasScannedForEncodings = 0;
			knownRegions = (
				en,
				Base,
			);
			mainGroup = 8F4AC06B28A219D0000D3659;
			productRefGroup = 8F4AC07528A219D0000D3659 /* Products */;
			projectDirPath = "";
			projectRoot = "";
			targets = (
				8F4AC07328A219D0000D3659 /* CoutnDownTimerWithPod */,
				8F4AC08928A219D2000D3659 /* CoutnDownTimerWithPodTests */,
				8F4AC09328A219D3000D3659 /* CoutnDownTimerWithPodUITests */,
			);
		};
/* End PBXProject section */

/* Begin PBXResourcesBuildPhase section */
		8F4AC07228A219D0000D3659 /* Resources */ = {
			isa = PBXResourcesBuildPhase;
			buildActionMask = 2147483647;
			files = (
				8F4AC08428A219D2000D3659 /* LaunchScreen.storyboard in Resources */,
				8F4AC08128A219D2000D3659 /* Assets.xcassets in Resources */,
				8F4AC07F28A219D0000D3659 /* Main.storyboard in Resources */,
			);
			runOnlyForDeploymentPostprocessing = 0;
		};
		8F4AC08828A219D2000D3659 /* Resources */ = {
			isa = PBXResourcesBuildPhase;
			buildActionMask = 2147483647;
			files = (
			);
			runOnlyForDeploymentPostprocessing = 0;
		};
		8F4AC09228A219D3000D3659 /* Resources */ = {
			isa = PBXResourcesBuildPhase;
			buildActionMask = 2147483647;
			files = (
			);
			runOnlyForDeploymentPostprocessing = 0;
		};
/* End PBXResourcesBuildPhase section */

/* Begin PBXShellScriptBuildPhase section */
		115610C686CDFC9E766462EB /* [CP] Check Pods Manifest.lock */ = {
			isa = PBXShellScriptBuildPhase;
			buildActionMask = 2147483647;
			files = (
			);
			inputFileListPaths = (
			);
			inputPaths = (
				"${PODS_PODFILE_DIR_PATH}/Podfile.lock",
				"${PODS_ROOT}/Manifest.lock",
			);
			name = "[CP] Check Pods Manifest.lock";
			outputFileListPaths = (
			);
			outputPaths = (
				"$(DERIVED_FILE_DIR)/Pods-CoutnDownTimerWithPodTests-checkManifestLockResult.txt",
			);
			runOnlyForDeploymentPostprocessing = 0;
			shellPath = /bin/sh;
			shellScript = "diff \"${PODS_PODFILE_DIR_PATH}/Podfile.lock\" \"${PODS_ROOT}/Manifest.lock\" > /dev/null\nif [ $? != 0 ] ; then\n    # print error to STDERR\n    echo \"error: The sandbox is not in sync with the Podfile.lock. Run 'pod install' or update your CocoaPods installation.\" >&2\n    exit 1\nfi\n# This output is used by Xcode 'outputs' to avoid re-running this script phase.\necho \"SUCCESS\" > \"${SCRIPT_OUTPUT_FILE_0}\"\n";
			showEnvVarsInLog = 0;
		};
		4213A46649926D53CCB73C67 /* [CP] Check Pods Manifest.lock */ = {
			isa = PBXShellScriptBuildPhase;
			buildActionMask = 2147483647;
			files = (
			);
			inputFileListPaths = (
			);
			inputPaths = (
				"${PODS_PODFILE_DIR_PATH}/Podfile.lock",
				"${PODS_ROOT}/Manifest.lock",
			);
			name = "[CP] Check Pods Manifest.lock";
			outputFileListPaths = (
			);
			outputPaths = (
				"$(DERIVED_FILE_DIR)/Pods-CoutnDownTimerWithPod-checkManifestLockResult.txt",
			);
			runOnlyForDeploymentPostprocessing = 0;
			shellPath = /bin/sh;
			shellScript = "diff \"${PODS_PODFILE_DIR_PATH}/Podfile.lock\" \"${PODS_ROOT}/Manifest.lock\" > /dev/null\nif [ $? != 0 ] ; then\n    # print error to STDERR\n    echo \"error: The sandbox is not in sync with the Podfile.lock. Run 'pod install' or update your CocoaPods installation.\" >&2\n    exit 1\nfi\n# This output is used by Xcode 'outputs' to avoid re-running this script phase.\necho \"SUCCESS\" > \"${SCRIPT_OUTPUT_FILE_0}\"\n";
			showEnvVarsInLog = 0;
		};
		69A4ED5636757D29DD89D60C /* [CP] Embed Pods Frameworks */ = {
			isa = PBXShellScriptBuildPhase;
			buildActionMask = 2147483647;
			files = (
			);
			inputFileListPaths = (
				"${PODS_ROOT}/Target Support Files/Pods-CoutnDownTimerWithPod-CoutnDownTimerWithPodUITests/Pods-CoutnDownTimerWithPod-CoutnDownTimerWithPodUITests-frameworks-${CONFIGURATION}-input-files.xcfilelist",
			);
			name = "[CP] Embed Pods Frameworks";
			outputFileListPaths = (
				"${PODS_ROOT}/Target Support Files/Pods-CoutnDownTimerWithPod-CoutnDownTimerWithPodUITests/Pods-CoutnDownTimerWithPod-CoutnDownTimerWithPodUITests-frameworks-${CONFIGURATION}-output-files.xcfilelist",
			);
			runOnlyForDeploymentPostprocessing = 0;
			shellPath = /bin/sh;
			shellScript = "\"${PODS_ROOT}/Target Support Files/Pods-CoutnDownTimerWithPod-CoutnDownTimerWithPodUITests/Pods-CoutnDownTimerWithPod-CoutnDownTimerWithPodUITests-frameworks.sh\"\n";
			showEnvVarsInLog = 0;
		};
		A0BB2BB754AC53F129111561 /* [CP] Embed Pods Frameworks */ = {
			isa = PBXShellScriptBuildPhase;
			buildActionMask = 2147483647;
			files = (
			);
			inputFileListPaths = (
				"${PODS_ROOT}/Target Support Files/Pods-CoutnDownTimerWithPod/Pods-CoutnDownTimerWithPod-frameworks-${CONFIGURATION}-input-files.xcfilelist",
			);
			name = "[CP] Embed Pods Frameworks";
			outputFileListPaths = (
				"${PODS_ROOT}/Target Support Files/Pods-CoutnDownTimerWithPod/Pods-CoutnDownTimerWithPod-frameworks-${CONFIGURATION}-output-files.xcfilelist",
			);
			runOnlyForDeploymentPostprocessing = 0;
			shellPath = /bin/sh;
			shellScript = "\"${PODS_ROOT}/Target Support Files/Pods-CoutnDownTimerWithPod/Pods-CoutnDownTimerWithPod-frameworks.sh\"\n";
			showEnvVarsInLog = 0;
		};
		D3BD33123E1FE16D15C8C8ED /* [CP] Check Pods Manifest.lock */ = {
			isa = PBXShellScriptBuildPhase;
			buildActionMask = 2147483647;
			files = (
			);
			inputFileListPaths = (
			);
			inputPaths = (
				"${PODS_PODFILE_DIR_PATH}/Podfile.lock",
				"${PODS_ROOT}/Manifest.lock",
			);
			name = "[CP] Check Pods Manifest.lock";
			outputFileListPaths = (
			);
			outputPaths = (
				"$(DERIVED_FILE_DIR)/Pods-CoutnDownTimerWithPod-CoutnDownTimerWithPodUITests-checkManifestLockResult.txt",
			);
			runOnlyForDeploymentPostprocessing = 0;
			shellPath = /bin/sh;
			shellScript = "diff \"${PODS_PODFILE_DIR_PATH}/Podfile.lock\" \"${PODS_ROOT}/Manifest.lock\" > /dev/null\nif [ $? != 0 ] ; then\n    # print error to STDERR\n    echo \"error: The sandbox is not in sync with the Podfile.lock. Run 'pod install' or update your CocoaPods installation.\" >&2\n    exit 1\nfi\n# This output is used by Xcode 'outputs' to avoid re-running this script phase.\necho \"SUCCESS\" > \"${SCRIPT_OUTPUT_FILE_0}\"\n";
			showEnvVarsInLog = 0;
		};
/* End PBXShellScriptBuildPhase section */

/* Begin PBXSourcesBuildPhase section */
		8F4AC07028A219D0000D3659 /* Sources */ = {
			isa = PBXSourcesBuildPhase;
			buildActionMask = 2147483647;
			files = (
				8F4AC0AD28A24087000D3659 /* buttonExtension.swift in Sources */,
				8F4AC0AF28A24087000D3659 /* labelExtension.swift in Sources */,
				8F4AC07C28A219D0000D3659 /* ViewController.swift in Sources */,
				8F4AC07828A219D0000D3659 /* AppDelegate.swift in Sources */,
				8F4AC07A28A219D0000D3659 /* SceneDelegate.swift in Sources */,
				8F4AC0AC28A24087000D3659 /* imageExtension.swift in Sources */,
				8F4AC0AE28A24087000D3659 /* textFieldExtension.swift in Sources */,
			);
			runOnlyForDeploymentPostprocessing = 0;
		};
		8F4AC08628A219D2000D3659 /* Sources */ = {
			isa = PBXSourcesBuildPhase;
			buildActionMask = 2147483647;
			files = (
				8F4AC08F28A219D3000D3659 /* CoutnDownTimerWithPodTests.swift in Sources */,
			);
			runOnlyForDeploymentPostprocessing = 0;
		};
		8F4AC09028A219D3000D3659 /* Sources */ = {
			isa = PBXSourcesBuildPhase;
			buildActionMask = 2147483647;
			files = (
				8F4AC09B28A219D3000D3659 /* CoutnDownTimerWithPodUITestsLaunchTests.swift in Sources */,
				8F4AC09928A219D3000D3659 /* CoutnDownTimerWithPodUITests.swift in Sources */,
			);
			runOnlyForDeploymentPostprocessing = 0;
		};
/* End PBXSourcesBuildPhase section */

/* Begin PBXTargetDependency section */
		8F4AC08C28A219D2000D3659 /* PBXTargetDependency */ = {
			isa = PBXTargetDependency;
			target = 8F4AC07328A219D0000D3659 /* CoutnDownTimerWithPod */;
			targetProxy = 8F4AC08B28A219D2000D3659 /* PBXContainerItemProxy */;
		};
		8F4AC09628A219D3000D3659 /* PBXTargetDependency */ = {
			isa = PBXTargetDependency;
			target = 8F4AC07328A219D0000D3659 /* CoutnDownTimerWithPod */;
			targetProxy = 8F4AC09528A219D3000D3659 /* PBXContainerItemProxy */;
		};
/* End PBXTargetDependency section */

/* Begin PBXVariantGroup section */
		8F4AC07D28A219D0000D3659 /* Main.storyboard */ = {
			isa = PBXVariantGroup;
			children = (
				8F4AC07E28A219D0000D3659 /* Base */,
			);
			name = Main.storyboard;
			sourceTree = "<group>";
		};
		8F4AC08228A219D2000D3659 /* LaunchScreen.storyboard */ = {
			isa = PBXVariantGroup;
			children = (
				8F4AC08328A219D2000D3659 /* Base */,
			);
			name = LaunchScreen.storyboard;
			sourceTree = "<group>";
		};
/* End PBXVariantGroup section */

/* Begin XCBuildConfiguration section */
		8F4AC09C28A219D3000D3659 /* Debug */ = {
			isa = XCBuildConfiguration;
			buildSettings = {
				ALWAYS_SEARCH_USER_PATHS = NO;
				CLANG_ANALYZER_NONNULL = YES;
				CLANG_ANALYZER_NUMBER_OBJECT_CONVERSION = YES_AGGRESSIVE;
				CLANG_CXX_LANGUAGE_STANDARD = "gnu++17";
				CLANG_ENABLE_MODULES = YES;
				CLANG_ENABLE_OBJC_ARC = YES;
				CLANG_ENABLE_OBJC_WEAK = YES;
				CLANG_WARN_BLOCK_CAPTURE_AUTORELEASING = YES;
				CLANG_WARN_BOOL_CONVERSION = YES;
				CLANG_WARN_COMMA = YES;
				CLANG_WARN_CONSTANT_CONVERSION = YES;
				CLANG_WARN_DEPRECATED_OBJC_IMPLEMENTATIONS = YES;
				CLANG_WARN_DIRECT_OBJC_ISA_USAGE = YES_ERROR;
				CLANG_WARN_DOCUMENTATION_COMMENTS = YES;
				CLANG_WARN_EMPTY_BODY = YES;
				CLANG_WARN_ENUM_CONVERSION = YES;
				CLANG_WARN_INFINITE_RECURSION = YES;
				CLANG_WARN_INT_CONVERSION = YES;
				CLANG_WARN_NON_LITERAL_NULL_CONVERSION = YES;
				CLANG_WARN_OBJC_IMPLICIT_RETAIN_SELF = YES;
				CLANG_WARN_OBJC_LITERAL_CONVERSION = YES;
				CLANG_WARN_OBJC_ROOT_CLASS = YES_ERROR;
				CLANG_WARN_QUOTED_INCLUDE_IN_FRAMEWORK_HEADER = YES;
				CLANG_WARN_RANGE_LOOP_ANALYSIS = YES;
				CLANG_WARN_STRICT_PROTOTYPES = YES;
				CLANG_WARN_SUSPICIOUS_MOVE = YES;
				CLANG_WARN_UNGUARDED_AVAILABILITY = YES_AGGRESSIVE;
				CLANG_WARN_UNREACHABLE_CODE = YES;
				CLANG_WARN__DUPLICATE_METHOD_MATCH = YES;
				COPY_PHASE_STRIP = NO;
				DEBUG_INFORMATION_FORMAT = dwarf;
				ENABLE_STRICT_OBJC_MSGSEND = YES;
				ENABLE_TESTABILITY = YES;
				GCC_C_LANGUAGE_STANDARD = gnu11;
				GCC_DYNAMIC_NO_PIC = NO;
				GCC_NO_COMMON_BLOCKS = YES;
				GCC_OPTIMIZATION_LEVEL = 0;
				GCC_PREPROCESSOR_DEFINITIONS = (
					"DEBUG=1",
					"$(inherited)",
				);
				GCC_WARN_64_TO_32_BIT_CONVERSION = YES;
				GCC_WARN_ABOUT_RETURN_TYPE = YES_ERROR;
				GCC_WARN_UNDECLARED_SELECTOR = YES;
				GCC_WARN_UNINITIALIZED_AUTOS = YES_AGGRESSIVE;
				GCC_WARN_UNUSED_FUNCTION = YES;
				GCC_WARN_UNUSED_VARIABLE = YES;
				IPHONEOS_DEPLOYMENT_TARGET = 15.5;
				MTL_ENABLE_DEBUG_INFO = INCLUDE_SOURCE;
				MTL_FAST_MATH = YES;
				ONLY_ACTIVE_ARCH = YES;
				SDKROOT = iphoneos;
				SWIFT_ACTIVE_COMPILATION_CONDITIONS = DEBUG;
				SWIFT_OPTIMIZATION_LEVEL = "-Onone";
			};
			name = Debug;
		};
		8F4AC09D28A219D3000D3659 /* Release */ = {
			isa = XCBuildConfiguration;
			buildSettings = {
				ALWAYS_SEARCH_USER_PATHS = NO;
				CLANG_ANALYZER_NONNULL = YES;
				CLANG_ANALYZER_NUMBER_OBJECT_CONVERSION = YES_AGGRESSIVE;
				CLANG_CXX_LANGUAGE_STANDARD = "gnu++17";
				CLANG_ENABLE_MODULES = YES;
				CLANG_ENABLE_OBJC_ARC = YES;
				CLANG_ENABLE_OBJC_WEAK = YES;
				CLANG_WARN_BLOCK_CAPTURE_AUTORELEASING = YES;
				CLANG_WARN_BOOL_CONVERSION = YES;
				CLANG_WARN_COMMA = YES;
				CLANG_WARN_CONSTANT_CONVERSION = YES;
				CLANG_WARN_DEPRECATED_OBJC_IMPLEMENTATIONS = YES;
				CLANG_WARN_DIRECT_OBJC_ISA_USAGE = YES_ERROR;
				CLANG_WARN_DOCUMENTATION_COMMENTS = YES;
				CLANG_WARN_EMPTY_BODY = YES;
				CLANG_WARN_ENUM_CONVERSION = YES;
				CLANG_WARN_INFINITE_RECURSION = YES;
				CLANG_WARN_INT_CONVERSION = YES;
				CLANG_WARN_NON_LITERAL_NULL_CONVERSION = YES;
				CLANG_WARN_OBJC_IMPLICIT_RETAIN_SELF = YES;
				CLANG_WARN_OBJC_LITERAL_CONVERSION = YES;
				CLANG_WARN_OBJC_ROOT_CLASS = YES_ERROR;
				CLANG_WARN_QUOTED_INCLUDE_IN_FRAMEWORK_HEADER = YES;
				CLANG_WARN_RANGE_LOOP_ANALYSIS = YES;
				CLANG_WARN_STRICT_PROTOTYPES = YES;
				CLANG_WARN_SUSPICIOUS_MOVE = YES;
				CLANG_WARN_UNGUARDED_AVAILABILITY = YES_AGGRESSIVE;
				CLANG_WARN_UNREACHABLE_CODE = YES;
				CLANG_WARN__DUPLICATE_METHOD_MATCH = YES;
				COPY_PHASE_STRIP = NO;
				DEBUG_INFORMATION_FORMAT = "dwarf-with-dsym";
				ENABLE_NS_ASSERTIONS = NO;
				ENABLE_STRICT_OBJC_MSGSEND = YES;
				GCC_C_LANGUAGE_STANDARD = gnu11;
				GCC_NO_COMMON_BLOCKS = YES;
				GCC_WARN_64_TO_32_BIT_CONVERSION = YES;
				GCC_WARN_ABOUT_RETURN_TYPE = YES_ERROR;
				GCC_WARN_UNDECLARED_SELECTOR = YES;
				GCC_WARN_UNINITIALIZED_AUTOS = YES_AGGRESSIVE;
				GCC_WARN_UNUSED_FUNCTION = YES;
				GCC_WARN_UNUSED_VARIABLE = YES;
				IPHONEOS_DEPLOYMENT_TARGET = 15.5;
				MTL_ENABLE_DEBUG_INFO = NO;
				MTL_FAST_MATH = YES;
				SDKROOT = iphoneos;
				SWIFT_COMPILATION_MODE = wholemodule;
				SWIFT_OPTIMIZATION_LEVEL = "-O";
				VALIDATE_PRODUCT = YES;
			};
			name = Release;
		};
		8F4AC09F28A219D3000D3659 /* Debug */ = {
			isa = XCBuildConfiguration;
			baseConfigurationReference = 16F040AE3490873F9132CF92 /* Pods-CoutnDownTimerWithPod.debug.xcconfig */;
			buildSettings = {
				ASSETCATALOG_COMPILER_APPICON_NAME = AppIcon;
				ASSETCATALOG_COMPILER_GLOBAL_ACCENT_COLOR_NAME = AccentColor;
				CODE_SIGN_STYLE = Automatic;
				CURRENT_PROJECT_VERSION = 1;
				GENERATE_INFOPLIST_FILE = YES;
				INFOPLIST_FILE = CoutnDownTimerWithPod/Info.plist;
				INFOPLIST_KEY_UIApplicationSupportsIndirectInputEvents = YES;
				INFOPLIST_KEY_UILaunchStoryboardName = LaunchScreen;
				INFOPLIST_KEY_UIMainStoryboardFile = Main;
				INFOPLIST_KEY_UISupportedInterfaceOrientations_iPad = "UIInterfaceOrientationPortrait UIInterfaceOrientationPortraitUpsideDown UIInterfaceOrientationLandscapeLeft UIInterfaceOrientationLandscapeRight";
				INFOPLIST_KEY_UISupportedInterfaceOrientations_iPhone = "UIInterfaceOrientationPortrait UIInterfaceOrientationLandscapeLeft UIInterfaceOrientationLandscapeRight";
				LD_RUNPATH_SEARCH_PATHS = (
					"$(inherited)",
					"@executable_path/Frameworks",
				);
				MARKETING_VERSION = 1.0;
				PRODUCT_BUNDLE_IDENTIFIER = com.tftus.googlemap.CoutnDownTimerWithPod;
				PRODUCT_NAME = "$(TARGET_NAME)";
				SWIFT_EMIT_LOC_STRINGS = YES;
				SWIFT_VERSION = 5.0;
				TARGETED_DEVICE_FAMILY = "1,2";
			};
			name = Debug;
		};
		8F4AC0A028A219D3000D3659 /* Release */ = {
			isa = XCBuildConfiguration;
			baseConfigurationReference = 3FEB26265EF1C9A3A20CD10F /* Pods-CoutnDownTimerWithPod.release.xcconfig */;
			buildSettings = {
				ASSETCATALOG_COMPILER_APPICON_NAME = AppIcon;
				ASSETCATALOG_COMPILER_GLOBAL_ACCENT_COLOR_NAME = AccentColor;
				CODE_SIGN_STYLE = Automatic;
				CURRENT_PROJECT_VERSION = 1;
				GENERATE_INFOPLIST_FILE = YES;
				INFOPLIST_FILE = CoutnDownTimerWithPod/Info.plist;
				INFOPLIST_KEY_UIApplicationSupportsIndirectInputEvents = YES;
				INFOPLIST_KEY_UILaunchStoryboardName = LaunchScreen;
				INFOPLIST_KEY_UIMainStoryboardFile = Main;
				INFOPLIST_KEY_UISupportedInterfaceOrientations_iPad = "UIInterfaceOrientationPortrait UIInterfaceOrientationPortraitUpsideDown UIInterfaceOrientationLandscapeLeft UIInterfaceOrientationLandscapeRight";
				INFOPLIST_KEY_UISupportedInterfaceOrientations_iPhone = "UIInterfaceOrientationPortrait UIInterfaceOrientationLandscapeLeft UIInterfaceOrientationLandscapeRight";
				LD_RUNPATH_SEARCH_PATHS = (
					"$(inherited)",
					"@executable_path/Frameworks",
				);
				MARKETING_VERSION = 1.0;
				PRODUCT_BUNDLE_IDENTIFIER = com.tftus.googlemap.CoutnDownTimerWithPod;
				PRODUCT_NAME = "$(TARGET_NAME)";
				SWIFT_EMIT_LOC_STRINGS = YES;
				SWIFT_VERSION = 5.0;
				TARGETED_DEVICE_FAMILY = "1,2";
			};
			name = Release;
		};
		8F4AC0A228A219D3000D3659 /* Debug */ = {
			isa = XCBuildConfiguration;
			baseConfigurationReference = 9F127E5670C9DC2FADE800CE /* Pods-CoutnDownTimerWithPodTests.debug.xcconfig */;
			buildSettings = {
				ALWAYS_EMBED_SWIFT_STANDARD_LIBRARIES = YES;
				BUNDLE_LOADER = "$(TEST_HOST)";
				CODE_SIGN_STYLE = Automatic;
				CURRENT_PROJECT_VERSION = 1;
				GENERATE_INFOPLIST_FILE = YES;
				IPHONEOS_DEPLOYMENT_TARGET = 15.5;
				MARKETING_VERSION = 1.0;
				PRODUCT_BUNDLE_IDENTIFIER = com.tftus.googlemap.CoutnDownTimerWithPodTests;
				PRODUCT_NAME = "$(TARGET_NAME)";
				SWIFT_EMIT_LOC_STRINGS = NO;
				SWIFT_VERSION = 5.0;
				TARGETED_DEVICE_FAMILY = "1,2";
				TEST_HOST = "$(BUILT_PRODUCTS_DIR)/CoutnDownTimerWithPod.app/CoutnDownTimerWithPod";
			};
			name = Debug;
		};
		8F4AC0A328A219D3000D3659 /* Release */ = {
			isa = XCBuildConfiguration;
			baseConfigurationReference = 999BD5D55B2DD6A63B74CF65 /* Pods-CoutnDownTimerWithPodTests.release.xcconfig */;
			buildSettings = {
				ALWAYS_EMBED_SWIFT_STANDARD_LIBRARIES = YES;
				BUNDLE_LOADER = "$(TEST_HOST)";
				CODE_SIGN_STYLE = Automatic;
				CURRENT_PROJECT_VERSION = 1;
				GENERATE_INFOPLIST_FILE = YES;
				IPHONEOS_DEPLOYMENT_TARGET = 15.5;
				MARKETING_VERSION = 1.0;
				PRODUCT_BUNDLE_IDENTIFIER = com.tftus.googlemap.CoutnDownTimerWithPodTests;
				PRODUCT_NAME = "$(TARGET_NAME)";
				SWIFT_EMIT_LOC_STRINGS = NO;
				SWIFT_VERSION = 5.0;
				TARGETED_DEVICE_FAMILY = "1,2";
				TEST_HOST = "$(BUILT_PRODUCTS_DIR)/CoutnDownTimerWithPod.app/CoutnDownTimerWithPod";
			};
			name = Release;
		};
		8F4AC0A528A219D3000D3659 /* Debug */ = {
			isa = XCBuildConfiguration;
			baseConfigurationReference = 7788C93CBE848236FB26E5EB /* Pods-CoutnDownTimerWithPod-CoutnDownTimerWithPodUITests.debug.xcconfig */;
			buildSettings = {
				ALWAYS_EMBED_SWIFT_STANDARD_LIBRARIES = YES;
				CODE_SIGN_STYLE = Automatic;
				CURRENT_PROJECT_VERSION = 1;
				GENERATE_INFOPLIST_FILE = YES;
				MARKETING_VERSION = 1.0;
				PRODUCT_BUNDLE_IDENTIFIER = com.tftus.googlemap.CoutnDownTimerWithPodUITests;
				PRODUCT_NAME = "$(TARGET_NAME)";
				SWIFT_EMIT_LOC_STRINGS = NO;
				SWIFT_VERSION = 5.0;
				TARGETED_DEVICE_FAMILY = "1,2";
				TEST_TARGET_NAME = CoutnDownTimerWithPod;
			};
			name = Debug;
		};
		8F4AC0A628A219D3000D3659 /* Release */ = {
			isa = XCBuildConfiguration;
			baseConfigurationReference = D017C2A0C0CA94E8136D2A00 /* Pods-CoutnDownTimerWithPod-CoutnDownTimerWithPodUITests.release.xcconfig */;
			buildSettings = {
				ALWAYS_EMBED_SWIFT_STANDARD_LIBRARIES = YES;
				CODE_SIGN_STYLE = Automatic;
				CURRENT_PROJECT_VERSION = 1;
				GENERATE_INFOPLIST_FILE = YES;
				MARKETING_VERSION = 1.0;
				PRODUCT_BUNDLE_IDENTIFIER = com.tftus.googlemap.CoutnDownTimerWithPodUITests;
				PRODUCT_NAME = "$(TARGET_NAME)";
				SWIFT_EMIT_LOC_STRINGS = NO;
				SWIFT_VERSION = 5.0;
				TARGETED_DEVICE_FAMILY = "1,2";
				TEST_TARGET_NAME = CoutnDownTimerWithPod;
			};
			name = Release;
		};
/* End XCBuildConfiguration section */

/* Begin XCConfigurationList section */
		8F4AC06F28A219D0000D3659 /* Build configuration list for PBXProject "CoutnDownTimerWithPod" */ = {
			isa = XCConfigurationList;
			buildConfigurations = (
				8F4AC09C28A219D3000D3659 /* Debug */,
				8F4AC09D28A219D3000D3659 /* Release */,
			);
			defaultConfigurationIsVisible = 0;
			defaultConfigurationName = Release;
		};
		8F4AC09E28A219D3000D3659 /* Build configuration list for PBXNativeTarget "CoutnDownTimerWithPod" */ = {
			isa = XCConfigurationList;
			buildConfigurations = (
				8F4AC09F28A219D3000D3659 /* Debug */,
				8F4AC0A028A219D3000D3659 /* Release */,
			);
			defaultConfigurationIsVisible = 0;
			defaultConfigurationName = Release;
		};
		8F4AC0A128A219D3000D3659 /* Build configuration list for PBXNativeTarget "CoutnDownTimerWithPodTests" */ = {
			isa = XCConfigurationList;
			buildConfigurations = (
				8F4AC0A228A219D3000D3659 /* Debug */,
				8F4AC0A328A219D3000D3659 /* Release */,
			);
			defaultConfigurationIsVisible = 0;
			defaultConfigurationName = Release;
		};
		8F4AC0A428A219D3000D3659 /* Build configuration list for PBXNativeTarget "CoutnDownTimerWithPodUITests" */ = {
			isa = XCConfigurationList;
			buildConfigurations = (
				8F4AC0A528A219D3000D3659 /* Debug */,
				8F4AC0A628A219D3000D3659 /* Release */,
			);
			defaultConfigurationIsVisible = 0;
			defaultConfigurationName = Release;
		};
/* End XCConfigurationList section */
	};
	rootObject = 8F4AC06C28A219D0000D3659 /* Project object */;
}
